
Microsoft Visual Studio Solution File, Format Version 12.00
# Visual Studio 15
VisualStudioVersion = 15.0.28307.329
MinimumVisualStudioVersion = 10.0.40219.1
Project("{FAE04EC0-301F-11D3-BF4B-00C04F79EFBC}") = "GraniteHouse", "GraniteHouse\GraniteHouse.csproj", "{2686594C-EE59-4A35-A4F0-253F1AC784D1}"
EndProject
Global
	GlobalSection(SolutionConfigurationPlatforms) = preSolution
		Debug|Any CPU = Debug|Any CPU
		Release|Any CPU = Release|Any CPU
	EndGlobalSection
	GlobalSection(ProjectConfigurationPlatforms) = postSolution
		{2686594C-EE59-4A35-A4F0-253F1AC784D1}.Debug|Any CPU.ActiveCfg = Debug|Any CPU
		{2686594C-EE59-4A35-A4F0-253F1AC784D1}.Debug|Any CPU.Build.0 = Debug|Any CPU
		{2686594C-EE59-4A35-A4F0-253F1AC784D1}.Release|Any CPU.ActiveCfg = Release|Any CPU
		{2686594C-EE59-4A35-A4F0-253F1AC784D1}.Release|Any CPU.Build.0 = Release|Any CPU
	EndGlobalSection
	GlobalSection(SolutionProperties) = preSolution
		HideSolutionNode = FALSE
	EndGlobalSection
	GlobalSection(ExtensibilityGlobals) = postSolution
		SolutionGuid = {48E93748-BACC-4FBB-B190-A4085F6D4AE6}
	EndGlobalSection
EndGlobal
